
Microsoft Visual Studio Solution File, Format Version 12.00
# Visual Studio Version 17
VisualStudioVersion = 17.14.37411.7 d17.14
MinimumVisualStudioVersion = 10.0.40219.1
Project("{FAE04EC0-301F-11D3-BF4B-00C04F79EFBC}") = "MiniSupermarket.API", "MiniSupermarket.API\MiniSupermarket.API.csproj", "{6899B9BA-0F0F-46CE-A06D-26A83ED1091C}"
EndProject
Project("{FAE04EC0-301F-11D3-BF4B-00C04F79EFBC}") = "MiniSupermarket.WinForms", "MiniSupermaket.WinForms\MiniSupermarket.WinForms.csproj", "{5A3531FA-0458-4349-BB2F-A4CDB25E4F75}"
EndProject
Global
	GlobalSection(SolutionConfigurationPlatforms) = preSolution
		Debug|Any CPU = Debug|Any CPU
		Release|Any CPU = Release|Any CPU
	EndGlobalSection
	GlobalSection(ProjectConfigurationPlatforms) = postSolution
		{6899B9BA-0F0F-46CE-A06D-26A83ED1091C}.Debug|Any CPU.ActiveCfg = Debug|Any CPU
		{6899B9BA-0F0F-46CE-A06D-26A83ED1091C}.Debug|Any CPU.Build.0 = Debug|Any CPU
		{6899B9BA-0F0F-46CE-A06D-26A83ED1091C}.Release|Any CPU.ActiveCfg = Release|Any CPU
		{6899B9BA-0F0F-46CE-A06D-26A83ED1091C}.Release|Any CPU.Build.0 = Release|Any CPU
		{5A3531FA-0458-4349-BB2F-A4CDB25E4F75}.Debug|Any CPU.ActiveCfg = Debug|Any CPU
		{5A3531FA-0458-4349-BB2F-A4CDB25E4F75}.Debug|Any CPU.Build.0 = Debug|Any CPU
		{5A3531FA-0458-4349-BB2F-A4CDB25E4F75}.Release|Any CPU.ActiveCfg = Release|Any CPU
		{5A3531FA-0458-4349-BB2F-A4CDB25E4F75}.Release|Any CPU.Build.0 = Release|Any CPU
	EndGlobalSection
	GlobalSection(SolutionProperties) = preSolution
		HideSolutionNode = FALSE
	EndGlobalSection
	GlobalSection(ExtensibilityGlobals) = postSolution
		SolutionGuid = {92FAD868-4923-4F37-9AD2-CD644C6C7D09}
	EndGlobalSection
EndGlobal
